// !$*UTF8*$!
{
	archiveVersion = 1;
	classes = {
	};
	objectVersion = 50;
	objects = {

/* Begin PBXBuildFile section */
		4EA8A8C221138A0000E8B6F9 /* AppDelegate.swift in Sources */ = {isa = PBXBuildFile; fileRef = 4EA8A8C121138A0000E8B6F9 /* AppDelegate.swift */; };
		4EA8A8C421138A0000E8B6F9 /* ViewController.swift in Sources */ = {isa = PBXBuildFile; fileRef = 4EA8A8C321138A0000E8B6F9 /* ViewController.swift */; };
		4EA8A8C721138A0000E8B6F9 /* Main.storyboard in Resources */ = {isa = PBXBuildFile; fileRef = 4EA8A8C521138A0000E8B6F9 /* Main.storyboard */; };
		4EA8A8C921138A0300E8B6F9 /* Assets.xcassets in Resources */ = {isa = PBXBuildFile; fileRef = 4EA8A8C821138A0300E8B6F9 /* Assets.xcassets */; };
		4EA8A8CC21138A0300E8B6F9 /* LaunchScreen.storyboard in Resources */ = {isa = PBXBuildFile; fileRef = 4EA8A8CA21138A0300E8B6F9 /* LaunchScreen.storyboard */; };
		4EA8A8D721138A0300E8B6F9 /* oaklandfoodsTests.swift in Sources */ = {isa = PBXBuildFile; fileRef = 4EA8A8D621138A0300E8B6F9 /* oaklandfoodsTests.swift */; };
		4EA8A8E221138A0300E8B6F9 /* oaklandfoodsUITests.swift in Sources */ = {isa = PBXBuildFile; fileRef = 4EA8A8E121138A0300E8B6F9 /* oaklandfoodsUITests.swift */; };
		4EA8A8F021138AF600E8B6F9 /* GoogleService-Info (1).plist in Resources */ = {isa = PBXBuildFile; fileRef = 4EA8A8EF21138AF600E8B6F9 /* GoogleService-Info (1).plist */; };
		4EA8A8F22113907500E8B6F9 /* mapViewController.swift in Sources */ = {isa = PBXBuildFile; fileRef = 4EA8A8F12113907500E8B6F9 /* mapViewController.swift */; };
		4EA8A8F42113BA9900E8B6F9 /* GoogleService-Info.plist in Resources */ = {isa = PBXBuildFile; fileRef = 4EA8A8F32113BA9900E8B6F9 /* GoogleService-Info.plist */; };
		4EEB426F2114ADC700857A6A /* SignUpViewController.swift in Sources */ = {isa = PBXBuildFile; fileRef = 4EEB426E2114ADC600857A6A /* SignUpViewController.swift */; };
		4EEB42712114ADE200857A6A /* LogInViewController.swift in Sources */ = {isa = PBXBuildFile; fileRef = 4EEB42702114ADE100857A6A /* LogInViewController.swift */; };
		4EEB42912115233700857A6A /* CustomMarkerView.swift in Sources */ = {isa = PBXBuildFile; fileRef = 4EEB428C2115233600857A6A /* CustomMarkerView.swift */; };
		8D3183AD7E70D8B57E398F6E /* Pods_oaklandfoodsTests.framework in Frameworks */ = {isa = PBXBuildFile; fileRef = 0FE23D15CD413BC15FD43C27 /* Pods_oaklandfoodsTests.framework */; };
		B6724C05D70599B0155B0800 /* Pods_oaklandfoods.framework in Frameworks */ = {isa = PBXBuildFile; fileRef = 8ACC9F4CD648B5555B30AAB7 /* Pods_oaklandfoods.framework */; };
		F333BA98D198242A88D03482 /* Pods_oaklandfoodsUITests.framework in Frameworks */ = {isa = PBXBuildFile; fileRef = 5A19CE3993351902DBCC9DF5 /* Pods_oaklandfoodsUITests.framework */; };
/* End PBXBuildFile section */

/* Begin PBXContainerItemProxy section */
		4EA8A8D321138A0300E8B6F9 /* PBXContainerItemProxy */ = {
			isa = PBXContainerItemProxy;
			containerPortal = 4EA8A8B621138A0000E8B6F9 /* Project object */;
			proxyType = 1;
			remoteGlobalIDString = 4EA8A8BD21138A0000E8B6F9;
			remoteInfo = oaklandfoods;
		};
		4EA8A8DE21138A0300E8B6F9 /* PBXContainerItemProxy */ = {
			isa = PBXContainerItemProxy;
			containerPortal = 4EA8A8B621138A0000E8B6F9 /* Project object */;
			proxyType = 1;
			remoteGlobalIDString = 4EA8A8BD21138A0000E8B6F9;
			remoteInfo = oaklandfoods;
		};
/* End PBXContainerItemProxy section */

/* Begin PBXFileReference section */
		0FE23D15CD413BC15FD43C27 /* Pods_oaklandfoodsTests.framework */ = {isa = PBXFileReference; explicitFileType = wrapper.framework; includeInIndex = 0; path = Pods_oaklandfoodsTests.framework; sourceTree = BUILT_PRODUCTS_DIR; };
		1302F3FDFF5DF415AFEA2C80 /* Pods-oaklandfoods.debug.xcconfig */ = {isa = PBXFileReference; includeInIndex = 1; lastKnownFileType = text.xcconfig; name = "Pods-oaklandfoods.debug.xcconfig"; path = "Pods/Target Support Files/Pods-oaklandfoods/Pods-oaklandfoods.debug.xcconfig"; sourceTree = "<group>"; };
		1EFF0C01E0285FD63627408D /* Pods-oaklandfoodsTests.debug.xcconfig */ = {isa = PBXFileReference; includeInIndex = 1; lastKnownFileType = text.xcconfig; name = "Pods-oaklandfoodsTests.debug.xcconfig"; path = "Pods/Target Support Files/Pods-oaklandfoodsTests/Pods-oaklandfoodsTests.debug.xcconfig"; sourceTree = "<group>"; };
		45B42C5967705865EF17ADF7 /* Pods-oaklandfoodsTests.release.xcconfig */ = {isa = PBXFileReference; includeInIndex = 1; lastKnownFileType = text.xcconfig; name = "Pods-oaklandfoodsTests.release.xcconfig"; path = "Pods/Target Support Files/Pods-oaklandfoodsTests/Pods-oaklandfoodsTests.release.xcconfig"; sourceTree = "<group>"; };
		4EA8A8BE21138A0000E8B6F9 /* oaklandfoods.app */ = {isa = PBXFileReference; explicitFileType = wrapper.application; includeInIndex = 0; path = oaklandfoods.app; sourceTree = BUILT_PRODUCTS_DIR; };
		4EA8A8C121138A0000E8B6F9 /* AppDelegate.swift */ = {isa = PBXFileReference; lastKnownFileType = sourcecode.swift; path = AppDelegate.swift; sourceTree = "<group>"; };
		4EA8A8C321138A0000E8B6F9 /* ViewController.swift */ = {isa = PBXFileReference; lastKnownFileType = sourcecode.swift; path = ViewController.swift; sourceTree = "<group>"; };
		4EA8A8C621138A0000E8B6F9 /* Base */ = {isa = PBXFileReference; lastKnownFileType = file.storyboard; name = Base; path = Base.lproj/Main.storyboard; sourceTree = "<group>"; };
		4EA8A8C821138A0300E8B6F9 /* Assets.xcassets */ = {isa = PBXFileReference; lastKnownFileType = folder.assetcatalog; path = Assets.xcassets; sourceTree = "<group>"; };
		4EA8A8CB21138A0300E8B6F9 /* Base */ = {isa = PBXFileReference; lastKnownFileType = file.storyboard; name = Base; path = Base.lproj/LaunchScreen.storyboard; sourceTree = "<group>"; };
		4EA8A8CD21138A0300E8B6F9 /* Info.plist */ = {isa = PBXFileReference; lastKnownFileType = text.plist.xml; path = Info.plist; sourceTree = "<group>"; };
		4EA8A8D221138A0300E8B6F9 /* oaklandfoodsTests.xctest */ = {isa = PBXFileReference; explicitFileType = wrapper.cfbundle; includeInIndex = 0; path = oaklandfoodsTests.xctest; sourceTree = BUILT_PRODUCTS_DIR; };
		4EA8A8D621138A0300E8B6F9 /* oaklandfoodsTests.swift */ = {isa = PBXFileReference; lastKnownFileType = sourcecode.swift; path = oaklandfoodsTests.swift; sourceTree = "<group>"; };
		4EA8A8D821138A0300E8B6F9 /* Info.plist */ = {isa = PBXFileReference; lastKnownFileType = text.plist.xml; path = Info.plist; sourceTree = "<group>"; };
		4EA8A8DD21138A0300E8B6F9 /* oaklandfoodsUITests.xctest */ = {isa = PBXFileReference; explicitFileType = wrapper.cfbundle; includeInIndex = 0; path = oaklandfoodsUITests.xctest; sourceTree = BUILT_PRODUCTS_DIR; };
		4EA8A8E121138A0300E8B6F9 /* oaklandfoodsUITests.swift */ = {isa = PBXFileReference; lastKnownFileType = sourcecode.swift; path = oaklandfoodsUITests.swift; sourceTree = "<group>"; };
		4EA8A8E321138A0300E8B6F9 /* Info.plist */ = {isa = PBXFileReference; lastKnownFileType = text.plist.xml; path = Info.plist; sourceTree = "<group>"; };
		4EA8A8EF21138AF600E8B6F9 /* GoogleService-Info (1).plist */ = {isa = PBXFileReference; fileEncoding = 4; lastKnownFileType = text.plist.xml; name = "GoogleService-Info (1).plist"; path = "../../../../Downloads/GoogleService-Info (1).plist"; sourceTree = "<group>"; };
		4EA8A8F12113907500E8B6F9 /* mapViewController.swift */ = {isa = PBXFileReference; lastKnownFileType = sourcecode.swift; path = mapViewController.swift; sourceTree = "<group>"; };
		4EA8A8F32113BA9900E8B6F9 /* GoogleService-Info.plist */ = {isa = PBXFileReference; fileEncoding = 4; lastKnownFileType = text.plist.xml; name = "GoogleService-Info.plist"; path = "../../../../Downloads/GoogleService-Info.plist"; sourceTree = "<group>"; };
		4EEB426E2114ADC600857A6A /* SignUpViewController.swift */ = {isa = PBXFileReference; lastKnownFileType = sourcecode.swift; path = SignUpViewController.swift; sourceTree = "<group>"; };
		4EEB42702114ADE100857A6A /* LogInViewController.swift */ = {isa = PBXFileReference; lastKnownFileType = sourcecode.swift; path = LogInViewController.swift; sourceTree = "<group>"; };
		4EEB428C2115233600857A6A /* CustomMarkerView.swift */ = {isa = PBXFileReference; fileEncoding = 4; lastKnownFileType = sourcecode.swift; name = CustomMarkerView.swift; path = "../../../../Downloads/Google-Map-Tutorial-iOS-master/googlMapTutuorial2/CustomMarkerView.swift"; sourceTree = "<group>"; };
		5A19CE3993351902DBCC9DF5 /* Pods_oaklandfoodsUITests.framework */ = {isa = PBXFileReference; explicitFileType = wrapper.framework; includeInIndex = 0; path = Pods_oaklandfoodsUITests.framework; sourceTree = BUILT_PRODUCTS_DIR; };
		6405870D816AA9D9B7D94F53 /* Pods-oaklandfoodsUITests.debug.xcconfig */ = {isa = PBXFileReference; includeInIndex = 1; lastKnownFileType = text.xcconfig; name = "Pods-oaklandfoodsUITests.debug.xcconfig"; path = "Pods/Target Support Files/Pods-oaklandfoodsUITests/Pods-oaklandfoodsUITests.debug.xcconfig"; sourceTree = "<group>"; };
		662EA90B02F03BDBC2472425 /* Pods-oaklandfoodsUITests.release.xcconfig */ = {isa = PBXFileReference; includeInIndex = 1; lastKnownFileType = text.xcconfig; name = "Pods-oaklandfoodsUITests.release.xcconfig"; path = "Pods/Target Support Files/Pods-oaklandfoodsUITests/Pods-oaklandfoodsUITests.release.xcconfig"; sourceTree = "<group>"; };
		8ACC9F4CD648B5555B30AAB7 /* Pods_oaklandfoods.framework */ = {isa = PBXFileReference; explicitFileType = wrapper.framework; includeInIndex = 0; path = Pods_oaklandfoods.framework; sourceTree = BUILT_PRODUCTS_DIR; };
		FEE5E26383ABAA6DED956F02 /* Pods-oaklandfoods.release.xcconfig */ = {isa = PBXFileReference; includeInIndex = 1; lastKnownFileType = text.xcconfig; name = "Pods-oaklandfoods.release.xcconfig"; path = "Pods/Target Support Files/Pods-oaklandfoods/Pods-oaklandfoods.release.xcconfig"; sourceTree = "<group>"; };
/* End PBXFileReference section */

/* Begin PBXFrameworksBuildPhase section */
		4EA8A8BB21138A0000E8B6F9 /* Frameworks */ = {
			isa = PBXFrameworksBuildPhase;
			buildActionMask = 2147483647;
			files = (
				B6724C05D70599B0155B0800 /* Pods_oaklandfoods.framework in Frameworks */,
			);
			runOnlyForDeploymentPostprocessing = 0;
		};
		4EA8A8CF21138A0300E8B6F9 /* Frameworks */ = {
			isa = PBXFrameworksBuildPhase;
			buildActionMask = 2147483647;
			files = (
				8D3183AD7E70D8B57E398F6E /* Pods_oaklandfoodsTests.framework in Frameworks */,
			);
			runOnlyForDeploymentPostprocessing = 0;
		};
		4EA8A8DA21138A0300E8B6F9 /* Frameworks */ = {
			isa = PBXFrameworksBuildPhase;
			buildActionMask = 2147483647;
			files = (
				F333BA98D198242A88D03482 /* Pods_oaklandfoodsUITests.framework in Frameworks */,
			);
			runOnlyForDeploymentPostprocessing = 0;
		};
/* End PBXFrameworksBuildPhase section */

/* Begin PBXGroup section */
		4EA8A8B521138A0000E8B6F9 = {
			isa = PBXGroup;
			children = (
				4EA8A8C021138A0000E8B6F9 /* oaklandfoods */,
				4EA8A8D521138A0300E8B6F9 /* oaklandfoodsTests */,
				4EA8A8E021138A0300E8B6F9 /* oaklandfoodsUITests */,
				4EA8A8BF21138A0000E8B6F9 /* Products */,
				9164A0F39A70E692F58FDF50 /* Pods */,
				6AD1D26DEBCA0AD18030A24D /* Frameworks */,
			);
			sourceTree = "<group>";
		};
		4EA8A8BF21138A0000E8B6F9 /* Products */ = {
			isa = PBXGroup;
			children = (
				4EA8A8BE21138A0000E8B6F9 /* oaklandfoods.app */,
				4EA8A8D221138A0300E8B6F9 /* oaklandfoodsTests.xctest */,
				4EA8A8DD21138A0300E8B6F9 /* oaklandfoodsUITests.xctest */,
			);
			name = Products;
			sourceTree = "<group>";
		};
		4EA8A8C021138A0000E8B6F9 /* oaklandfoods */ = {
			isa = PBXGroup;
			children = (
				4EA8A8C121138A0000E8B6F9 /* AppDelegate.swift */,
				4EA8A8C321138A0000E8B6F9 /* ViewController.swift */,
				4EEB426E2114ADC600857A6A /* SignUpViewController.swift */,
				4EEB42702114ADE100857A6A /* LogInViewController.swift */,
				4EA8A8F12113907500E8B6F9 /* mapViewController.swift */,
				4EEB428C2115233600857A6A /* CustomMarkerView.swift */,
				4EA8A8C521138A0000E8B6F9 /* Main.storyboard */,
				4EA8A8C821138A0300E8B6F9 /* Assets.xcassets */,
				4EA8A8CA21138A0300E8B6F9 /* LaunchScreen.storyboard */,
				4EA8A8F32113BA9900E8B6F9 /* GoogleService-Info.plist */,
				4EA8A8CD21138A0300E8B6F9 /* Info.plist */,
			);
			path = oaklandfoods;
			sourceTree = "<group>";
		};
		4EA8A8D521138A0300E8B6F9 /* oaklandfoodsTests */ = {
			isa = PBXGroup;
			children = (
				4EA8A8D621138A0300E8B6F9 /* oaklandfoodsTests.swift */,
				4EA8A8EF21138AF600E8B6F9 /* GoogleService-Info (1).plist */,
				4EA8A8D821138A0300E8B6F9 /* Info.plist */,
			);
			path = oaklandfoodsTests;
			sourceTree = "<group>";
		};
		4EA8A8E021138A0300E8B6F9 /* oaklandfoodsUITests */ = {
			isa = PBXGroup;
			children = (
				4EA8A8E121138A0300E8B6F9 /* oaklandfoodsUITests.swift */,
				4EA8A8E321138A0300E8B6F9 /* Info.plist */,
			);
			path = oaklandfoodsUITests;
			sourceTree = "<group>";
		};
		6AD1D26DEBCA0AD18030A24D /* Frameworks */ = {
			isa = PBXGroup;
			children = (
				8ACC9F4CD648B5555B30AAB7 /* Pods_oaklandfoods.framework */,
				0FE23D15CD413BC15FD43C27 /* Pods_oaklandfoodsTests.framework */,
				5A19CE3993351902DBCC9DF5 /* Pods_oaklandfoodsUITests.framework */,
			);
			name = Frameworks;
			sourceTree = "<group>";
		};
		9164A0F39A70E692F58FDF50 /* Pods */ = {
			isa = PBXGroup;
			children = (
				1302F3FDFF5DF415AFEA2C80 /* Pods-oaklandfoods.debug.xcconfig */,
				FEE5E26383ABAA6DED956F02 /* Pods-oaklandfoods.release.xcconfig */,
				1EFF0C01E0285FD63627408D /* Pods-oaklandfoodsTests.debug.xcconfig */,
				45B42C5967705865EF17ADF7 /* Pods-oaklandfoodsTests.release.xcconfig */,
				6405870D816AA9D9B7D94F53 /* Pods-oaklandfoodsUITests.debug.xcconfig */,
				662EA90B02F03BDBC2472425 /* Pods-oaklandfoodsUITests.release.xcconfig */,
			);
			name = Pods;
			sourceTree = "<group>";
		};
/* End PBXGroup section */

/* Begin PBXNativeTarget section */
		4EA8A8BD21138A0000E8B6F9 /* oaklandfoods */ = {
			isa = PBXNativeTarget;
			buildConfigurationList = 4EA8A8E621138A0300E8B6F9 /* Build configuration list for PBXNativeTarget "oaklandfoods" */;
			buildPhases = (
				F23A59A6D49CF7F6CA1B7B73 /* [CP] Check Pods Manifest.lock */,
				4EA8A8BA21138A0000E8B6F9 /* Sources */,
				4EA8A8BB21138A0000E8B6F9 /* Frameworks */,
				4EA8A8BC21138A0000E8B6F9 /* Resources */,
				3EF20D45158436A02263325D /* [CP] Embed Pods Frameworks */,
				B59063FCBB6B0A4F2B09EF31 /* [CP] Copy Pods Resources */,
			);
			buildRules = (
			);
			dependencies = (
			);
			name = oaklandfoods;
			productName = oaklandfoods;
			productReference = 4EA8A8BE21138A0000E8B6F9 /* oaklandfoods.app */;
			productType = "com.apple.product-type.application";
		};
		4EA8A8D121138A0300E8B6F9 /* oaklandfoodsTests */ = {
			isa = PBXNativeTarget;
			buildConfigurationList = 4EA8A8E921138A0300E8B6F9 /* Build configuration list for PBXNativeTarget "oaklandfoodsTests" */;
			buildPhases = (
				5CDB198ECE2A16A62B38BEFC /* [CP] Check Pods Manifest.lock */,
				4EA8A8CE21138A0300E8B6F9 /* Sources */,
				4EA8A8CF21138A0300E8B6F9 /* Frameworks */,
				4EA8A8D021138A0300E8B6F9 /* Resources */,
			);
			buildRules = (
			);
			dependencies = (
				4EA8A8D421138A0300E8B6F9 /* PBXTargetDependency */,
			);
			name = oaklandfoodsTests;
			productName = oaklandfoodsTests;
			productReference = 4EA8A8D221138A0300E8B6F9 /* oaklandfoodsTests.xctest */;
			productType = "com.apple.product-type.bundle.unit-test";
		};
		4EA8A8DC21138A0300E8B6F9 /* oaklandfoodsUITests */ = {
			isa = PBXNativeTarget;
			buildConfigurationList = 4EA8A8EC21138A0300E8B6F9 /* Build configuration list for PBXNativeTarget "oaklandfoodsUITests" */;
			buildPhases = (
				64C1426AF0A8AA40790600CC /* [CP] Check Pods Manifest.lock */,
				4EA8A8D921138A0300E8B6F9 /* Sources */,
				4EA8A8DA21138A0300E8B6F9 /* Frameworks */,
				4EA8A8DB21138A0300E8B6F9 /* Resources */,
			);
			buildRules = (
			);
			dependencies = (
				4EA8A8DF21138A0300E8B6F9 /* PBXTargetDependency */,
			);
			name = oaklandfoodsUITests;
			productName = oaklandfoodsUITests;
			productReference = 4EA8A8DD21138A0300E8B6F9 /* oaklandfoodsUITests.xctest */;
			productType = "com.apple.product-type.bundle.ui-testing";
		};
/* End PBXNativeTarget section */

/* Begin PBXProject section */
		4EA8A8B621138A0000E8B6F9 /* Project object */ = {
			isa = PBXProject;
			attributes = {
				LastSwiftUpdateCheck = 0940;
				LastUpgradeCheck = 0940;
				ORGANIZATIONNAME = HGPMAC39;
				TargetAttributes = {
					4EA8A8BD21138A0000E8B6F9 = {
						CreatedOnToolsVersion = 9.4.1;
					};
					4EA8A8D121138A0300E8B6F9 = {
						CreatedOnToolsVersion = 9.4.1;
						TestTargetID = 4EA8A8BD21138A0000E8B6F9;
					};
					4EA8A8DC21138A0300E8B6F9 = {
						CreatedOnToolsVersion = 9.4.1;
						TestTargetID = 4EA8A8BD21138A0000E8B6F9;
					};
				};
			};
			buildConfigurationList = 4EA8A8B921138A0000E8B6F9 /* Build configuration list for PBXProject "oaklandfoods" */;
			compatibilityVersion = "Xcode 9.3";
			developmentRegion = en;
			hasScannedForEncodings = 0;
			knownRegions = (
				en,
				Base,
			);
			mainGroup = 4EA8A8B521138A0000E8B6F9;
			productRefGroup = 4EA8A8BF21138A0000E8B6F9 /* Products */;
			projectDirPath = "";
			projectRoot = "";
			targets = (
				4EA8A8BD21138A0000E8B6F9 /* oaklandfoods */,
				4EA8A8D121138A0300E8B6F9 /* oaklandfoodsTests */,
				4EA8A8DC21138A0300E8B6F9 /* oaklandfoodsUITests */,
			);
		};
/* End PBXProject section */

/* Begin PBXResourcesBuildPhase section */
		4EA8A8BC21138A0000E8B6F9 /* Resources */ = {
			isa = PBXResourcesBuildPhase;
			buildActionMask = 2147483647;
			files = (
				4EA8A8F42113BA9900E8B6F9 /* GoogleService-Info.plist in Resources */,
				4EA8A8CC21138A0300E8B6F9 /* LaunchScreen.storyboard in Resources */,
				4EA8A8C921138A0300E8B6F9 /* Assets.xcassets in Resources */,
				4EA8A8C721138A0000E8B6F9 /* Main.storyboard in Resources */,
			);
			runOnlyForDeploymentPostprocessing = 0;
		};
		4EA8A8D021138A0300E8B6F9 /* Resources */ = {
			isa = PBXResourcesBuildPhase;
			buildActionMask = 2147483647;
			files = (
				4EA8A8F021138AF600E8B6F9 /* GoogleService-Info (1).plist in Resources */,
			);
			runOnlyForDeploymentPostprocessing = 0;
		};
		4EA8A8DB21138A0300E8B6F9 /* Resources */ = {
			isa = PBXResourcesBuildPhase;
			buildActionMask = 2147483647;
			files = (
			);
			runOnlyForDeploymentPostprocessing = 0;
		};
/* End PBXResourcesBuildPhase section */

/* Begin PBXShellScriptBuildPhase section */
		3EF20D45158436A02263325D /* [CP] Embed Pods Frameworks */ = {
			isa = PBXShellScriptBuildPhase;
			buildActionMask = 2147483647;
			files = (
			);
			inputPaths = (
				"${SRCROOT}/Pods/Target Support Files/Pods-oaklandfoods/Pods-oaklandfoods-frameworks.sh",
				"${BUILT_PRODUCTS_DIR}/GTMSessionFetcher/GTMSessionFetcher.framework",
				"${BUILT_PRODUCTS_DIR}/GoogleUtilities/GoogleUtilities.framework",
				"${BUILT_PRODUCTS_DIR}/nanopb/nanopb.framework",
			);
			name = "[CP] Embed Pods Frameworks";
			outputPaths = (
				"${TARGET_BUILD_DIR}/${FRAMEWORKS_FOLDER_PATH}/GTMSessionFetcher.framework",
				"${TARGET_BUILD_DIR}/${FRAMEWORKS_FOLDER_PATH}/GoogleUtilities.framework",
				"${TARGET_BUILD_DIR}/${FRAMEWORKS_FOLDER_PATH}/nanopb.framework",
			);
			runOnlyForDeploymentPostprocessing = 0;
			shellPath = /bin/sh;
			shellScript = "\"${SRCROOT}/Pods/Target Support Files/Pods-oaklandfoods/Pods-oaklandfoods-frameworks.sh\"\n";
			showEnvVarsInLog = 0;
		};
		5CDB198ECE2A16A62B38BEFC /* [CP] Check Pods Manifest.lock */ = {
			isa = PBXShellScriptBuildPhase;
			buildActionMask = 2147483647;
			files = (
			);
			inputPaths = (
				"${PODS_PODFILE_DIR_PATH}/Podfile.lock",
				"${PODS_ROOT}/Manifest.lock",
			);
			name = "[CP] Check Pods Manifest.lock";
			outputPaths = (
				"$(DERIVED_FILE_DIR)/Pods-oaklandfoodsTests-checkManifestLockResult.txt",
			);
			runOnlyForDeploymentPostprocessing = 0;
			shellPath = /bin/sh;
			shellScript = "diff \"${PODS_PODFILE_DIR_PATH}/Podfile.lock\" \"${PODS_ROOT}/Manifest.lock\" > /dev/null\nif [ $? != 0 ] ; then\n    # print error to STDERR\n    echo \"error: The sandbox is not in sync with the Podfile.lock. Run 'pod install' or update your CocoaPods installation.\" >&2\n    exit 1\nfi\n# This output is used by Xcode 'outputs' to avoid re-running this script phase.\necho \"SUCCESS\" > \"${SCRIPT_OUTPUT_FILE_0}\"\n";
			showEnvVarsInLog = 0;
		};
		64C1426AF0A8AA40790600CC /* [CP] Check Pods Manifest.lock */ = {
			isa = PBXShellScriptBuildPhase;
			buildActionMask = 2147483647;
			files = (
			);
			inputPaths = (
				"${PODS_PODFILE_DIR_PATH}/Podfile.lock",
				"${PODS_ROOT}/Manifest.lock",
			);
			name = "[CP] Check Pods Manifest.lock";
			outputPaths = (
				"$(DERIVED_FILE_DIR)/Pods-oaklandfoodsUITests-checkManifestLockResult.txt",
			);
			runOnlyForDeploymentPostprocessing = 0;
			shellPath = /bin/sh;
			shellScript = "diff \"${PODS_PODFILE_DIR_PATH}/Podfile.lock\" \"${PODS_ROOT}/Manifest.lock\" > /dev/null\nif [ $? != 0 ] ; then\n    # print error to STDERR\n    echo \"error: The sandbox is not in sync with the Podfile.lock. Run 'pod install' or update your CocoaPods installation.\" >&2\n    exit 1\nfi\n# This output is used by Xcode 'outputs' to avoid re-running this script phase.\necho \"SUCCESS\" > \"${SCRIPT_OUTPUT_FILE_0}\"\n";
			showEnvVarsInLog = 0;
		};
		B59063FCBB6B0A4F2B09EF31 /* [CP] Copy Pods Resources */ = {
			isa = PBXShellScriptBuildPhase;
			buildActionMask = 2147483647;
			files = (
			);
			inputPaths = (
				"${SRCROOT}/Pods/Target Support Files/Pods-oaklandfoods/Pods-oaklandfoods-resources.sh",
				"${PODS_ROOT}/GoogleMaps/Maps/Frameworks/GoogleMaps.framework/Resources/GoogleMaps.bundle",
				"${PODS_ROOT}/GooglePlaces/Frameworks/GooglePlaces.framework/Resources/GooglePlaces.bundle",
			);
			name = "[CP] Copy Pods Resources";
			outputPaths = (
				"${TARGET_BUILD_DIR}/${UNLOCALIZED_RESOURCES_FOLDER_PATH}/GoogleMaps.bundle",
				"${TARGET_BUILD_DIR}/${UNLOCALIZED_RESOURCES_FOLDER_PATH}/GooglePlaces.bundle",
			);
			runOnlyForDeploymentPostprocessing = 0;
			shellPath = /bin/sh;
			shellScript = "\"${SRCROOT}/Pods/Target Support Files/Pods-oaklandfoods/Pods-oaklandfoods-resources.sh\"\n";
			showEnvVarsInLog = 0;
		};
		F23A59A6D49CF7F6CA1B7B73 /* [CP] Check Pods Manifest.lock */ = {
			isa = PBXShellScriptBuildPhase;
			buildActionMask = 2147483647;
			files = (
			);
			inputPaths = (
				"${PODS_PODFILE_DIR_PATH}/Podfile.lock",
				"${PODS_ROOT}/Manifest.lock",
			);
			name = "[CP] Check Pods Manifest.lock";
			outputPaths = (
				"$(DERIVED_FILE_DIR)/Pods-oaklandfoods-checkManifestLockResult.txt",
			);
			runOnlyForDeploymentPostprocessing = 0;
			shellPath = /bin/sh;
			shellScript = "diff \"${PODS_PODFILE_DIR_PATH}/Podfile.lock\" \"${PODS_ROOT}/Manifest.lock\" > /dev/null\nif [ $? != 0 ] ; then\n    # print error to STDERR\n    echo \"error: The sandbox is not in sync with the Podfile.lock. Run 'pod install' or update your CocoaPods installation.\" >&2\n    exit 1\nfi\n# This output is used by Xcode 'outputs' to avoid re-running this script phase.\necho \"SUCCESS\" > \"${SCRIPT_OUTPUT_FILE_0}\"\n";
			showEnvVarsInLog = 0;
		};
/* End PBXShellScriptBuildPhase section */

/* Begin PBXSourcesBuildPhase section */
		4EA8A8BA21138A0000E8B6F9 /* Sources */ = {
			isa = PBXSourcesBuildPhase;
			buildActionMask = 2147483647;
			files = (
				4EA8A8F22113907500E8B6F9 /* mapViewController.swift in Sources */,
				4EEB42912115233700857A6A /* CustomMarkerView.swift in Sources */,
				4EA8A8C421138A0000E8B6F9 /* ViewController.swift in Sources */,
				4EEB426F2114ADC700857A6A /* SignUpViewController.swift in Sources */,
				4EEB42712114ADE200857A6A /* LogInViewController.swift in Sources */,
				4EA8A8C221138A0000E8B6F9 /* AppDelegate.swift in Sources */,
			);
			runOnlyForDeploymentPostprocessing = 0;
		};
		4EA8A8CE21138A0300E8B6F9 /* Sources */ = {
			isa = PBXSourcesBuildPhase;
			buildActionMask = 2147483647;
			files = (
				4EA8A8D721138A0300E8B6F9 /* oaklandfoodsTests.swift in Sources */,
			);
			runOnlyForDeploymentPostprocessing = 0;
		};
		4EA8A8D921138A0300E8B6F9 /* Sources */ = {
			isa = PBXSourcesBuildPhase;
			buildActionMask = 2147483647;
			files = (
				4EA8A8E221138A0300E8B6F9 /* oaklandfoodsUITests.swift in Sources */,
			);
			runOnlyForDeploymentPostprocessing = 0;
		};
/* End PBXSourcesBuildPhase section */

/* Begin PBXTargetDependency section */
		4EA8A8D421138A0300E8B6F9 /* PBXTargetDependency */ = {
			isa = PBXTargetDependency;
			target = 4EA8A8BD21138A0000E8B6F9 /* oaklandfoods */;
			targetProxy = 4EA8A8D321138A0300E8B6F9 /* PBXContainerItemProxy */;
		};
		4EA8A8DF21138A0300E8B6F9 /* PBXTargetDependency */ = {
			isa = PBXTargetDependency;
			target = 4EA8A8BD21138A0000E8B6F9 /* oaklandfoods */;
			targetProxy = 4EA8A8DE21138A0300E8B6F9 /* PBXContainerItemProxy */;
		};
/* End PBXTargetDependency section */

/* Begin PBXVariantGroup section */
		4EA8A8C521138A0000E8B6F9 /* Main.storyboard */ = {
			isa = PBXVariantGroup;
			children = (
				4EA8A8C621138A0000E8B6F9 /* Base */,
			);
			name = Main.storyboard;
			sourceTree = "<group>";
		};
		4EA8A8CA21138A0300E8B6F9 /* LaunchScreen.storyboard */ = {
			isa = PBXVariantGroup;
			children = (
				4EA8A8CB21138A0300E8B6F9 /* Base */,
			);
			name = LaunchScreen.storyboard;
			sourceTree = "<group>";
		};
/* End PBXVariantGroup section */

/* Begin XCBuildConfiguration section */
		4EA8A8E421138A0300E8B6F9 /* Debug */ = {
			isa = XCBuildConfiguration;
			buildSettings = {
				ALWAYS_SEARCH_USER_PATHS = NO;
				CLANG_ANALYZER_NONNULL = YES;
				CLANG_ANALYZER_NUMBER_OBJECT_CONVERSION = YES_AGGRESSIVE;
				CLANG_CXX_LANGUAGE_STANDARD = "gnu++14";
				CLANG_CXX_LIBRARY = "libc++";
				CLANG_ENABLE_MODULES = YES;
				CLANG_ENABLE_OBJC_ARC = YES;
				CLANG_ENABLE_OBJC_WEAK = YES;
				CLANG_WARN_BLOCK_CAPTURE_AUTORELEASING = YES;
				CLANG_WARN_BOOL_CONVERSION = YES;
				CLANG_WARN_COMMA = YES;
				CLANG_WARN_CONSTANT_CONVERSION = YES;
				CLANG_WARN_DEPRECATED_OBJC_IMPLEMENTATIONS = YES;
				CLANG_WARN_DIRECT_OBJC_ISA_USAGE = YES_ERROR;
				CLANG_WARN_DOCUMENTATION_COMMENTS = YES;
				CLANG_WARN_EMPTY_BODY = YES;
				CLANG_WARN_ENUM_CONVERSION = YES;
				CLANG_WARN_INFINITE_RECURSION = YES;
				CLANG_WARN_INT_CONVERSION = YES;
				CLANG_WARN_NON_LITERAL_NULL_CONVERSION = YES;
				CLANG_WARN_OBJC_IMPLICIT_RETAIN_SELF = YES;
				CLANG_WARN_OBJC_LITERAL_CONVERSION = YES;
				CLANG_WARN_OBJC_ROOT_CLASS = YES_ERROR;
				CLANG_WARN_RANGE_LOOP_ANALYSIS = YES;
				CLANG_WARN_STRICT_PROTOTYPES = YES;
				CLANG_WARN_SUSPICIOUS_MOVE = YES;
				CLANG_WARN_UNGUARDED_AVAILABILITY = YES_AGGRESSIVE;
				CLANG_WARN_UNREACHABLE_CODE = YES;
				CLANG_WARN__DUPLICATE_METHOD_MATCH = YES;
				CODE_SIGN_IDENTITY = "iPhone Developer";
				COPY_PHASE_STRIP = NO;
				DEBUG_INFORMATION_FORMAT = dwarf;
				ENABLE_STRICT_OBJC_MSGSEND = YES;
				ENABLE_TESTABILITY = YES;
				GCC_C_LANGUAGE_STANDARD = gnu11;
				GCC_DYNAMIC_NO_PIC = NO;
				GCC_NO_COMMON_BLOCKS = YES;
				GCC_OPTIMIZATION_LEVEL = 0;
				GCC_PREPROCESSOR_DEFINITIONS = (
					"DEBUG=1",
					"$(inherited)",
				);
				GCC_WARN_64_TO_32_BIT_CONVERSION = YES;
				GCC_WARN_ABOUT_RETURN_TYPE = YES_ERROR;
				GCC_WARN_UNDECLARED_SELECTOR = YES;
				GCC_WARN_UNINITIALIZED_AUTOS = YES_AGGRESSIVE;
				GCC_WARN_UNUSED_FUNCTION = YES;
				GCC_WARN_UNUSED_VARIABLE = YES;
				IPHONEOS_DEPLOYMENT_TARGET = 11.4;
				MTL_ENABLE_DEBUG_INFO = YES;
				ONLY_ACTIVE_ARCH = YES;
				SDKROOT = iphoneos;
				SWIFT_ACTIVE_COMPILATION_CONDITIONS = DEBUG;
				SWIFT_OPTIMIZATION_LEVEL = "-Onone";
			};
			name = Debug;
		};
		4EA8A8E521138A0300E8B6F9 /* Release */ = {
			isa = XCBuildConfiguration;
			buildSettings = {
				ALWAYS_SEARCH_USER_PATHS = NO;
				CLANG_ANALYZER_NONNULL = YES;
				CLANG_ANALYZER_NUMBER_OBJECT_CONVERSION = YES_AGGRESSIVE;
				CLANG_CXX_LANGUAGE_STANDARD = "gnu++14";
				CLANG_CXX_LIBRARY = "libc++";
				CLANG_ENABLE_MODULES = YES;
				CLANG_ENABLE_OBJC_ARC = YES;
				CLANG_ENABLE_OBJC_WEAK = YES;
				CLANG_WARN_BLOCK_CAPTURE_AUTORELEASING = YES;
				CLANG_WARN_BOOL_CONVERSION = YES;
				CLANG_WARN_COMMA = YES;
				CLANG_WARN_CONSTANT_CONVERSION = YES;
				CLANG_WARN_DEPRECATED_OBJC_IMPLEMENTATIONS = YES;
				CLANG_WARN_DIRECT_OBJC_ISA_USAGE = YES_ERROR;
				CLANG_WARN_DOCUMENTATION_COMMENTS = YES;
				CLANG_WARN_EMPTY_BODY = YES;
				CLANG_WARN_ENUM_CONVERSION = YES;
				CLANG_WARN_INFINITE_RECURSION = YES;
				CLANG_WARN_INT_CONVERSION = YES;
				CLANG_WARN_NON_LITERAL_NULL_CONVERSION = YES;
				CLANG_WARN_OBJC_IMPLICIT_RETAIN_SELF = YES;
				CLANG_WARN_OBJC_LITERAL_CONVERSION = YES;
				CLANG_WARN_OBJC_ROOT_CLASS = YES_ERROR;
				CLANG_WARN_RANGE_LOOP_ANALYSIS = YES;
				CLANG_WARN_STRICT_PROTOTYPES = YES;
				CLANG_WARN_SUSPICIOUS_MOVE = YES;
				CLANG_WARN_UNGUARDED_AVAILABILITY = YES_AGGRESSIVE;
				CLANG_WARN_UNREACHABLE_CODE = YES;
				CLANG_WARN__DUPLICATE_METHOD_MATCH = YES;
				CODE_SIGN_IDENTITY = "iPhone Developer";
				COPY_PHASE_STRIP = NO;
				DEBUG_INFORMATION_FORMAT = "dwarf-with-dsym";
				ENABLE_NS_ASSERTIONS = NO;
				ENABLE_STRICT_OBJC_MSGSEND = YES;
				GCC_C_LANGUAGE_STANDARD = gnu11;
				GCC_NO_COMMON_BLOCKS = YES;
				GCC_WARN_64_TO_32_BIT_CONVERSION = YES;
				GCC_WARN_ABOUT_RETURN_TYPE = YES_ERROR;
				GCC_WARN_UNDECLARED_SELECTOR = YES;
				GCC_WARN_UNINITIALIZED_AUTOS = YES_AGGRESSIVE;
				GCC_WARN_UNUSED_FUNCTION = YES;
				GCC_WARN_UNUSED_VARIABLE = YES;
				IPHONEOS_DEPLOYMENT_TARGET = 11.4;
				MTL_ENABLE_DEBUG_INFO = NO;
				SDKROOT = iphoneos;
				SWIFT_COMPILATION_MODE = wholemodule;
				SWIFT_OPTIMIZATION_LEVEL = "-O";
				VALIDATE_PRODUCT = YES;
			};
			name = Release;
		};
		4EA8A8E721138A0300E8B6F9 /* Debug */ = {
			isa = XCBuildConfiguration;
			baseConfigurationReference = 1302F3FDFF5DF415AFEA2C80 /* Pods-oaklandfoods.debug.xcconfig */;
			buildSettings = {
				ASSETCATALOG_COMPILER_APPICON_NAME = AppIcon;
				CODE_SIGN_STYLE = Automatic;
				DEVELOPMENT_TEAM = 2M69R85GQ8;
				INFOPLIST_FILE = oaklandfoods/Info.plist;
				LD_RUNPATH_SEARCH_PATHS = (
					"$(inherited)",
					"@executable_path/Frameworks",
				);
				PRODUCT_BUNDLE_IDENTIFIER = HGP.oaklandfoods;
				PRODUCT_NAME = "$(TARGET_NAME)";
				SWIFT_VERSION = 4.0;
				TARGETED_DEVICE_FAMILY = "1,2";
			};
			name = Debug;
		};
		4EA8A8E821138A0300E8B6F9 /* Release */ = {
			isa = XCBuildConfiguration;
			baseConfigurationReference = FEE5E26383ABAA6DED956F02 /* Pods-oaklandfoods.release.xcconfig */;
			buildSettings = {
				ASSETCATALOG_COMPILER_APPICON_NAME = AppIcon;
				CODE_SIGN_STYLE = Automatic;
				DEVELOPMENT_TEAM = 2M69R85GQ8;
				INFOPLIST_FILE = oaklandfoods/Info.plist;
				LD_RUNPATH_SEARCH_PATHS = (
					"$(inherited)",
					"@executable_path/Frameworks",
				);
				PRODUCT_BUNDLE_IDENTIFIER = HGP.oaklandfoods;
				PRODUCT_NAME = "$(TARGET_NAME)";
				SWIFT_VERSION = 4.0;
				TARGETED_DEVICE_FAMILY = "1,2";
			};
			name = Release;
		};
		4EA8A8EA21138A0300E8B6F9 /* Debug */ = {
			isa = XCBuildConfiguration;
			baseConfigurationReference = 1EFF0C01E0285FD63627408D /* Pods-oaklandfoodsTests.debug.xcconfig */;
			buildSettings = {
				ALWAYS_EMBED_SWIFT_STANDARD_LIBRARIES = YES;
				BUNDLE_LOADER = "$(TEST_HOST)";
				CODE_SIGN_STYLE = Automatic;
				DEVELOPMENT_TEAM = 2M69R85GQ8;
				INFOPLIST_FILE = oaklandfoodsTests/Info.plist;
				LD_RUNPATH_SEARCH_PATHS = (
					"$(inherited)",
					"@executable_path/Frameworks",
					"@loader_path/Frameworks",
				);
				PRODUCT_BUNDLE_IDENTIFIER = HGP.oaklandfoodsTests;
				PRODUCT_NAME = "$(TARGET_NAME)";
				SWIFT_VERSION = 4.0;
				TARGETED_DEVICE_FAMILY = "1,2";
				TEST_HOST = "$(BUILT_PRODUCTS_DIR)/oaklandfoods.app/oaklandfoods";
			};
			name = Debug;
		};
		4EA8A8EB21138A0300E8B6F9 /* Release */ = {
			isa = XCBuildConfiguration;
			baseConfigurationReference = 45B42C5967705865EF17ADF7 /* Pods-oaklandfoodsTests.release.xcconfig */;
			buildSettings = {
				ALWAYS_EMBED_SWIFT_STANDARD_LIBRARIES = YES;
				BUNDLE_LOADER = "$(TEST_HOST)";
				CODE_SIGN_STYLE = Automatic;
				DEVELOPMENT_TEAM = 2M69R85GQ8;
				INFOPLIST_FILE = oaklandfoodsTests/Info.plist;
				LD_RUNPATH_SEARCH_PATHS = (
					"$(inherited)",
					"@executable_path/Frameworks",
					"@loader_path/Frameworks",
				);
				PRODUCT_BUNDLE_IDENTIFIER = HGP.oaklandfoodsTests;
				PRODUCT_NAME = "$(TARGET_NAME)";
				SWIFT_VERSION = 4.0;
				TARGETED_DEVICE_FAMILY = "1,2";
				TEST_HOST = "$(BUILT_PRODUCTS_DIR)/oaklandfoods.app/oaklandfoods";
			};
			name = Release;
		};
		4EA8A8ED21138A0300E8B6F9 /* Debug */ = {
			isa = XCBuildConfiguration;
			baseConfigurationReference = 6405870D816AA9D9B7D94F53 /* Pods-oaklandfoodsUITests.debug.xcconfig */;
			buildSettings = {
				ALWAYS_EMBED_SWIFT_STANDARD_LIBRARIES = YES;
				CODE_SIGN_STYLE = Automatic;
				DEVELOPMENT_TEAM = 2M69R85GQ8;
				INFOPLIST_FILE = oaklandfoodsUITests/Info.plist;
				LD_RUNPATH_SEARCH_PATHS = (
					"$(inherited)",
					"@executable_path/Frameworks",
					"@loader_path/Frameworks",
				);
				PRODUCT_BUNDLE_IDENTIFIER = HGP.oaklandfoodsUITests;
				PRODUCT_NAME = "$(TARGET_NAME)";
				SWIFT_VERSION = 4.0;
				TARGETED_DEVICE_FAMILY = "1,2";
				TEST_TARGET_NAME = oaklandfoods;
			};
			name = Debug;
		};
		4EA8A8EE21138A0300E8B6F9 /* Release */ = {
			isa = XCBuildConfiguration;
			baseConfigurationReference = 662EA90B02F03BDBC2472425 /* Pods-oaklandfoodsUITests.release.xcconfig */;
			buildSettings = {
				ALWAYS_EMBED_SWIFT_STANDARD_LIBRARIES = YES;
				CODE_SIGN_STYLE = Automatic;
				DEVELOPMENT_TEAM = 2M69R85GQ8;
				INFOPLIST_FILE = oaklandfoodsUITests/Info.plist;
				LD_RUNPATH_SEARCH_PATHS = (
					"$(inherited)",
					"@executable_path/Frameworks",
					"@loader_path/Frameworks",
				);
				PRODUCT_BUNDLE_IDENTIFIER = HGP.oaklandfoodsUITests;
				PRODUCT_NAME = "$(TARGET_NAME)";
				SWIFT_VERSION = 4.0;
				TARGETED_DEVICE_FAMILY = "1,2";
				TEST_TARGET_NAME = oaklandfoods;
			};
			name = Release;
		};
/* End XCBuildConfiguration section */

/* Begin XCConfigurationList section */
		4EA8A8B921138A0000E8B6F9 /* Build configuration list for PBXProject "oaklandfoods" */ = {
			isa = XCConfigurationList;
			buildConfigurations = (
				4EA8A8E421138A0300E8B6F9 /* Debug */,
				4EA8A8E521138A0300E8B6F9 /* Release */,
			);
			defaultConfigurationIsVisible = 0;
			defaultConfigurationName = Release;
		};
		4EA8A8E621138A0300E8B6F9 /* Build configuration list for PBXNativeTarget "oaklandfoods" */ = {
			isa = XCConfigurationList;
			buildConfigurations = (
				4EA8A8E721138A0300E8B6F9 /* Debug */,
				4EA8A8E821138A0300E8B6F9 /* Release */,
			);
			defaultConfigurationIsVisible = 0;
			defaultConfigurationName = Release;
		};
		4EA8A8E921138A0300E8B6F9 /* Build configuration list for PBXNativeTarget "oaklandfoodsTests" */ = {
			isa = XCConfigurationList;
			buildConfigurations = (
				4EA8A8EA21138A0300E8B6F9 /* Debug */,
				4EA8A8EB21138A0300E8B6F9 /* Release */,
			);
			defaultConfigurationIsVisible = 0;
			defaultConfigurationName = Release;
		};
		4EA8A8EC21138A0300E8B6F9 /* Build configuration list for PBXNativeTarget "oaklandfoodsUITests" */ = {
			isa = XCConfigurationList;
			buildConfigurations = (
				4EA8A8ED21138A0300E8B6F9 /* Debug */,
				4EA8A8EE21138A0300E8B6F9 /* Release */,
			);
			defaultConfigurationIsVisible = 0;
			defaultConfigurationName = Release;
		};
/* End XCConfigurationList section */
	};
	rootObject = 4EA8A8B621138A0000E8B6F9 /* Project object */;
}
